{"is_source_file": false, "format": "", "description": "", "external_files": [], "external_methods": [], "published": [], "classes": [], "methods": [], "calls": [], "search-terms": [], "state": 2, "file_id": 14, "knowledge_revision": 29, "git_revision": "7703073717d4a08dea1ac659834e7eefab913231", "filename": "/home/kavia/workspace/code-generation/scicalc-pro-14792-3f661889/scicalc_pro/post_process_status.lock", "hash": "9c4ed7ef73e22b872b8055bec08b8979", "format-version": 4, "code-base-name": "default", "revision_history": [{"29": "7703073717d4a08dea1ac659834e7eefab913231"}]}