{"is_source_file": false, "format": "", "description": "", "external_files": [], "external_methods": [], "published": [], "classes": [], "methods": [], "calls": [], "search-terms": [], "state": 2, "file_id": 23, "knowledge_revision": 49, "git_revision": "600f1ed03e7566d87801e11a36d12e37c865f69f", "filename": "/home/kavia/workspace/code-generation/scicalc-pro-14792-3f661889/scicalc_pro/post_process_status.lock", "hash": "e9b4c3b42cef0193b7fddb548d37e652", "format-version": 4, "code-base-name": "default", "revision_history": [{"49": "600f1ed03e7566d87801e11a36d12e37c865f69f"}]}